
Microsoft Visual Studio Solution File, Format Version 12.00
# Visual Studio Version 17
VisualStudioVersion = 17.0.31912.275
MinimumVisualStudioVersion = 10.0.40219.1
Project("{8BC9CEB8-8B4A-11D0-8D11-00A0C91BC942}") = "PixelFPSDemo", "src\PixelFPSDemo\PixelFPSDemo.vcxproj", "{619752F0-BCD7-49BD-9CC1-540DB7A93608}"
EndProject
Project("{8BC9CEB8-8B4A-11D0-8D11-00A0C91BC942}") = "PixelFPSDemo2", "src\PixelFPSDemo2\PixelFPSDemo2.vcxproj", "{0C47F7BB-51C7-4322-89B6-AE17D7F4E202}"
EndProject
Global
	GlobalSection(SolutionConfigurationPlatforms) = preSolution
		Debug|x64 = Debug|x64
		Debug|x86 = Debug|x86
		Release|x64 = Release|x64
		Release|x86 = Release|x86
	EndGlobalSection
	GlobalSection(ProjectConfigurationPlatforms) = postSolution
		{619752F0-BCD7-49BD-9CC1-540DB7A93608}.Debug|x64.ActiveCfg = Debug|x64
		{619752F0-BCD7-49BD-9CC1-540DB7A93608}.Debug|x64.Build.0 = Debug|x64
		{619752F0-BCD7-49BD-9CC1-540DB7A93608}.Debug|x86.ActiveCfg = Debug|Win32
		{619752F0-BCD7-49BD-9CC1-540DB7A93608}.Debug|x86.Build.0 = Debug|Win32
		{619752F0-BCD7-49BD-9CC1-540DB7A93608}.Release|x64.ActiveCfg = Release|x64
		{619752F0-BCD7-49BD-9CC1-540DB7A93608}.Release|x64.Build.0 = Release|x64
		{619752F0-BCD7-49BD-9CC1-540DB7A93608}.Release|x86.ActiveCfg = Release|Win32
		{619752F0-BCD7-49BD-9CC1-540DB7A93608}.Release|x86.Build.0 = Release|Win32
		{0C47F7BB-51C7-4322-89B6-AE17D7F4E202}.Debug|x64.ActiveCfg = Debug|x64
		{0C47F7BB-51C7-4322-89B6-AE17D7F4E202}.Debug|x64.Build.0 = Debug|x64
		{0C47F7BB-51C7-4322-89B6-AE17D7F4E202}.Debug|x86.ActiveCfg = Debug|Win32
		{0C47F7BB-51C7-4322-89B6-AE17D7F4E202}.Debug|x86.Build.0 = Debug|Win32
		{0C47F7BB-51C7-4322-89B6-AE17D7F4E202}.Release|x64.ActiveCfg = Release|x64
		{0C47F7BB-51C7-4322-89B6-AE17D7F4E202}.Release|x64.Build.0 = Release|x64
		{0C47F7BB-51C7-4322-89B6-AE17D7F4E202}.Release|x86.ActiveCfg = Release|Win32
		{0C47F7BB-51C7-4322-89B6-AE17D7F4E202}.Release|x86.Build.0 = Release|Win32
	EndGlobalSection
	GlobalSection(SolutionProperties) = preSolution
		HideSolutionNode = FALSE
	EndGlobalSection
	GlobalSection(ExtensibilityGlobals) = postSolution
		SolutionGuid = {02B4D625-BB9A-48CA-850C-57B79CFD7761}
	EndGlobalSection
EndGlobal
