<?xml version="1.0" encoding="utf-8"?>
<Project ToolsVersion="4.0" xmlns="http://schemas.microsoft.com/developer/msbuild/2003">
  <ItemGroup>
    <Filter Include="CPP">
      <UniqueIdentifier>{51d95e12-b7ee-4743-8dbf-d5dfe1e73d79}</UniqueIdentifier>
    </Filter>
    <Filter Include="HPP">
      <UniqueIdentifier>{687ee1b7-637d-4518-958d-25c700cbd091}</UniqueIdentifier>
    </Filter>
  </ItemGroup>
  <ItemGroup>
    <ClCompile Include="main.cpp">
      <Filter>CPP</Filter>
    </ClCompile>
    <ClCompile Include="GameObject.cpp">
      <Filter>CPP</Filter>
    </ClCompile>
    <ClCompile Include="Component.cpp">
      <Filter>CPP</Filter>
    </ClCompile>
    <ClCompile Include="Transform.cpp">
      <Filter>CPP</Filter>
    </ClCompile>
    <ClCompile Include="olcPixelGameEngine.cpp">
      <Filter>CPP</Filter>
    </ClCompile>
    <ClCompile Include="GameManager.cpp">
      <Filter>CPP</Filter>
    </ClCompile>
    <ClCompile Include="tool.cpp">
      <Filter>CPP</Filter>
    </ClCompile>
    <ClCompile Include="Collider.cpp">
      <Filter>CPP</Filter>
    </ClCompile>
    <ClCompile Include="SpriteRenderer.cpp">
      <Filter>CPP</Filter>
    </ClCompile>
    <ClCompile Include="LifeController.cpp">
      <Filter>CPP</Filter>
    </ClCompile>
    <ClCompile Include="PointLight.cpp">
      <Filter>CPP</Filter>
    </ClCompile>
    <ClCompile Include="EasyBMP.cpp">
      <Filter>CPP</Filter>
    </ClCompile>
    <ClCompile Include="NetworkCollider.cpp">
      <Filter>CPP</Filter>
    </ClCompile>
    <ClCompile Include="BMPRenderer.cpp">
      <Filter>CPP</Filter>
    </ClCompile>
  </ItemGroup>
  <ItemGroup>
    <ClInclude Include="sObject.hpp">
      <Filter>HPP</Filter>
    </ClInclude>
    <ClInclude Include="tool.hpp">
      <Filter>HPP</Filter>
    </ClInclude>
    <ClInclude Include="PixelFPSDemo2.hpp">
      <Filter>HPP</Filter>
    </ClInclude>
    <ClInclude Include="PixelEditor.hpp">
      <Filter>HPP</Filter>
    </ClInclude>
    <ClInclude Include="GameObject.hpp">
      <Filter>HPP</Filter>
    </ClInclude>
    <ClInclude Include="Component.hpp">
      <Filter>HPP</Filter>
    </ClInclude>
    <ClInclude Include="Transform.hpp">
      <Filter>HPP</Filter>
    </ClInclude>
    <ClInclude Include="GameManager.hpp">
      <Filter>HPP</Filter>
    </ClInclude>
    <ClInclude Include="Collider.hpp">
      <Filter>HPP</Filter>
    </ClInclude>
    <ClInclude Include="SpriteRenderer.hpp">
      <Filter>HPP</Filter>
    </ClInclude>
    <ClInclude Include="LifeController.hpp">
      <Filter>HPP</Filter>
    </ClInclude>
    <ClInclude Include="Weapon.hpp">
      <Filter>HPP</Filter>
    </ClInclude>
    <ClInclude Include="Resources.hpp">
      <Filter>HPP</Filter>
    </ClInclude>
    <ClInclude Include="PointLight.hpp">
      <Filter>HPP</Filter>
    </ClInclude>
    <ClInclude Include="BMP.h">
      <Filter>HPP</Filter>
    </ClInclude>
    <ClInclude Include="EasyBMP.h">
      <Filter>HPP</Filter>
    </ClInclude>
    <ClInclude Include="EasyBMP_BMP.h">
      <Filter>HPP</Filter>
    </ClInclude>
    <ClInclude Include="EasyBMP_DataStructures.h">
      <Filter>HPP</Filter>
    </ClInclude>
    <ClInclude Include="EasyBMP_VariousBMPutilities.h">
      <Filter>HPP</Filter>
    </ClInclude>
    <ClInclude Include="olcPGEX_Network.h">
      <Filter>HPP</Filter>
    </ClInclude>
    <ClInclude Include="NetworkMessage.hpp">
      <Filter>HPP</Filter>
    </ClInclude>
    <ClInclude Include="FPS_Server.hpp">
      <Filter>HPP</Filter>
    </ClInclude>
    <ClInclude Include="FPS_Client.hpp">
      <Filter>HPP</Filter>
    </ClInclude>
    <ClInclude Include="NetworkCollider.hpp">
      <Filter>HPP</Filter>
    </ClInclude>
    <ClInclude Include="BMPRenderer.hpp">
      <Filter>HPP</Filter>
    </ClInclude>
  </ItemGroup>
</Project>